// !$*UTF8*$!
{
	archiveVersion = 1;
	classes = {
	};
	objectVersion = 46;
	objects = {

/* Begin PBXBuildFile section */
		6C42012E1D84CB1800F42E61 /* AppDelegate.swift in Sources */ = {isa = PBXBuildFile; fileRef = 6C42012D1D84CB1800F42E61 /* AppDelegate.swift */; };
		6C4201301D84CB1800F42E61 /* PhotoListController.swift in Sources */ = {isa = PBXBuildFile; fileRef = 6C42012F1D84CB1800F42E61 /* PhotoListController.swift */; };
		6C4201351D84CB1800F42E61 /* Assets.xcassets in Resources */ = {isa = PBXBuildFile; fileRef = 6C4201341D84CB1800F42E61 /* Assets.xcassets */; };
		6C4201381D84CB1800F42E61 /* LaunchScreen.storyboard in Resources */ = {isa = PBXBuildFile; fileRef = 6C4201361D84CB1800F42E61 /* LaunchScreen.storyboard */; };
/* End PBXBuildFile section */

/* Begin PBXFileReference section */
		6C42012A1D84CB1800F42E61 /* suh.app */ = {isa = PBXFileReference; explicitFileType = wrapper.application; includeInIndex = 0; path = suh.app; sourceTree = BUILT_PRODUCTS_DIR; };
		6C42012D1D84CB1800F42E61 /* AppDelegate.swift */ = {isa = PBXFileReference; lastKnownFileType = sourcecode.swift; path = AppDelegate.swift; sourceTree = "<group>"; };
		6C42012F1D84CB1800F42E61 /* PhotoListController.swift */ = {isa = PBXFileReference; lastKnownFileType = sourcecode.swift; path = PhotoListController.swift; sourceTree = "<group>"; };
		6C4201341D84CB1800F42E61 /* Assets.xcassets */ = {isa = PBXFileReference; lastKnownFileType = folder.assetcatalog; path = Assets.xcassets; sourceTree = "<group>"; };
		6C4201371D84CB1800F42E61 /* Base */ = {isa = PBXFileReference; lastKnownFileType = file.storyboard; name = Base; path = Base.lproj/LaunchScreen.storyboard; sourceTree = "<group>"; };
		6C4201391D84CB1800F42E61 /* Info.plist */ = {isa = PBXFileReference; lastKnownFileType = text.plist.xml; path = Info.plist; sourceTree = "<group>"; };
/* End PBXFileReference section */

/* Begin PBXFrameworksBuildPhase section */
		6C4201271D84CB1800F42E61 /* Frameworks */ = {
			isa = PBXFrameworksBuildPhase;
			buildActionMask = 2147483647;
			files = (
			);
			runOnlyForDeploymentPostprocessing = 0;
		};
/* End PBXFrameworksBuildPhase section */

/* Begin PBXGroup section */
		6C4201211D84CB1800F42E61 = {
			isa = PBXGroup;
			children = (
				6C42012C1D84CB1800F42E61 /* suh */,
				6C42012B1D84CB1800F42E61 /* Products */,
			);
			sourceTree = "<group>";
		};
		6C42012B1D84CB1800F42E61 /* Products */ = {
			isa = PBXGroup;
			children = (
				6C42012A1D84CB1800F42E61 /* suh.app */,
			);
			name = Products;
			sourceTree = "<group>";
		};
		6C42012C1D84CB1800F42E61 /* suh */ = {
			isa = PBXGroup;
			children = (
				6C42012D1D84CB1800F42E61 /* AppDelegate.swift */,
				6C42012F1D84CB1800F42E61 /* PhotoListController.swift */,
				6C4201341D84CB1800F42E61 /* Assets.xcassets */,
				6C4201361D84CB1800F42E61 /* LaunchScreen.storyboard */,
				6C4201391D84CB1800F42E61 /* Info.plist */,
			);
			path = suh;
			sourceTree = "<group>";
		};
/* End PBXGroup section */

/* Begin PBXNativeTarget section */
		6C4201291D84CB1800F42E61 /* suh */ = {
			isa = PBXNativeTarget;
			buildConfigurationList = 6C42013C1D84CB1800F42E61 /* Build configuration list for PBXNativeTarget "suh" */;
			buildPhases = (
				6C4201261D84CB1800F42E61 /* Sources */,
				6C4201271D84CB1800F42E61 /* Frameworks */,
				6C4201281D84CB1800F42E61 /* Resources */,
			);
			buildRules = (
			);
			dependencies = (
			);
			name = suh;
			productName = suh;
			productReference = 6C42012A1D84CB1800F42E61 /* suh.app */;
			productType = "com.apple.product-type.application";
		};
/* End PBXNativeTarget section */

/* Begin PBXProject section */
		6C4201221D84CB1800F42E61 /* Project object */ = {
			isa = PBXProject;
			attributes = {
				LastSwiftUpdateCheck = 0720;
				LastUpgradeCheck = 0720;
				ORGANIZATIONNAME = "Dulio Denis";
				TargetAttributes = {
					6C4201291D84CB1800F42E61 = {
						CreatedOnToolsVersion = 7.2;
					};
				};
			};
			buildConfigurationList = 6C4201251D84CB1800F42E61 /* Build configuration list for PBXProject "suh" */;
			compatibilityVersion = "Xcode 3.2";
			developmentRegion = English;
			hasScannedForEncodings = 0;
			knownRegions = (
				en,
				Base,
			);
			mainGroup = 6C4201211D84CB1800F42E61;
			productRefGroup = 6C42012B1D84CB1800F42E61 /* Products */;
			projectDirPath = "";
			projectRoot = "";
			targets = (
				6C4201291D84CB1800F42E61 /* suh */,
			);
		};
/* End PBXProject section */

/* Begin PBXResourcesBuildPhase section */
		6C4201281D84CB1800F42E61 /* Resources */ = {
			isa = PBXResourcesBuildPhase;
			buildActionMask = 2147483647;
			files = (
				6C4201381D84CB1800F42E61 /* LaunchScreen.storyboard in Resources */,
				6C4201351D84CB1800F42E61 /* Assets.xcassets in Resources */,
			);
			runOnlyForDeploymentPostprocessing = 0;
		};
/* End PBXResourcesBuildPhase section */

/* Begin PBXSourcesBuildPhase section */
		6C4201261D84CB1800F42E61 /* Sources */ = {
			isa = PBXSourcesBuildPhase;
			buildActionMask = 2147483647;
			files = (
				6C4201301D84CB1800F42E61 /* PhotoListController.swift in Sources */,
				6C42012E1D84CB1800F42E61 /* AppDelegate.swift in Sources */,
			);
			runOnlyForDeploymentPostprocessing = 0;
		};
/* End PBXSourcesBuildPhase section */

/* Begin PBXVariantGroup section */
		6C4201361D84CB1800F42E61 /* LaunchScreen.storyboard */ = {
			isa = PBXVariantGroup;
			children = (
				6C4201371D84CB1800F42E61 /* Base */,
			);
			name = LaunchScreen.storyboard;
			sourceTree = "<group>";
		};
/* End PBXVariantGroup section */

/* Begin XCBuildConfiguration section */
		6C42013A1D84CB1800F42E61 /* Debug */ = {
			isa = XCBuildConfiguration;
			buildSettings = {
				ALWAYS_SEARCH_USER_PATHS = NO;
				CLANG_CXX_LANGUAGE_STANDARD = "gnu++0x";
				CLANG_CXX_LIBRARY = "libc++";
				CLANG_ENABLE_MODULES = YES;
				CLANG_ENABLE_OBJC_ARC = YES;
				CLANG_WARN_BOOL_CONVERSION = YES;
				CLANG_WARN_CONSTANT_CONVERSION = YES;
				CLANG_WARN_DIRECT_OBJC_ISA_USAGE = YES_ERROR;
				CLANG_WARN_EMPTY_BODY = YES;
				CLANG_WARN_ENUM_CONVERSION = YES;
				CLANG_WARN_INT_CONVERSION = YES;
				CLANG_WARN_OBJC_ROOT_CLASS = YES_ERROR;
				CLANG_WARN_UNREACHABLE_CODE = YES;
				CLANG_WARN__DUPLICATE_METHOD_MATCH = YES;
				"CODE_SIGN_IDENTITY[sdk=iphoneos*]" = "iPhone Developer";
				COPY_PHASE_STRIP = NO;
				DEBUG_INFORMATION_FORMAT = dwarf;
				ENABLE_STRICT_OBJC_MSGSEND = YES;
				ENABLE_TESTABILITY = YES;
				GCC_C_LANGUAGE_STANDARD = gnu99;
				GCC_DYNAMIC_NO_PIC = NO;
				GCC_NO_COMMON_BLOCKS = YES;
				GCC_OPTIMIZATION_LEVEL = 0;
				GCC_PREPROCESSOR_DEFINITIONS = (
					"DEBUG=1",
					"$(inherited)",
				);
				GCC_WARN_64_TO_32_BIT_CONVERSION = YES;
				GCC_WARN_ABOUT_RETURN_TYPE = YES_ERROR;
				GCC_WARN_UNDECLARED_SELECTOR = YES;
				GCC_WARN_UNINITIALIZED_AUTOS = YES_AGGRESSIVE;
				GCC_WARN_UNUSED_FUNCTION = YES;
				GCC_WARN_UNUSED_VARIABLE = YES;
				IPHONEOS_DEPLOYMENT_TARGET = 9.2;
				MTL_ENABLE_DEBUG_INFO = YES;
				ONLY_ACTIVE_ARCH = YES;
				SDKROOT = iphoneos;
				SWIFT_OPTIMIZATION_LEVEL = "-Onone";
				TARGETED_DEVICE_FAMILY = "1,2";
			};
			name = Debug;
		};
		6C42013B1D84CB1800F42E61 /* Release */ = {
			isa = XCBuildConfiguration;
			buildSettings = {
				ALWAYS_SEARCH_USER_PATHS = NO;
				CLANG_CXX_LANGUAGE_STANDARD = "gnu++0x";
				CLANG_CXX_LIBRARY = "libc++";
				CLANG_ENABLE_MODULES = YES;
				CLANG_ENABLE_OBJC_ARC = YES;
				CLANG_WARN_BOOL_CONVERSION = YES;
				CLANG_WARN_CONSTANT_CONVERSION = YES;
				CLANG_WARN_DIRECT_OBJC_ISA_USAGE = YES_ERROR;
				CLANG_WARN_EMPTY_BODY = YES;
				CLANG_WARN_ENUM_CONVERSION = YES;
				CLANG_WARN_INT_CONVERSION = YES;
				CLANG_WARN_OBJC_ROOT_CLASS = YES_ERROR;
				CLANG_WARN_UNREACHABLE_CODE = YES;
				CLANG_WARN__DUPLICATE_METHOD_MATCH = YES;
				"CODE_SIGN_IDENTITY[sdk=iphoneos*]" = "iPhone Developer";
				COPY_PHASE_STRIP = NO;
				DEBUG_INFORMATION_FORMAT = "dwarf-with-dsym";
				ENABLE_NS_ASSERTIONS = NO;
				ENABLE_STRICT_OBJC_MSGSEND = YES;
				GCC_C_LANGUAGE_STANDARD = gnu99;
				GCC_NO_COMMON_BLOCKS = YES;
				GCC_WARN_64_TO_32_BIT_CONVERSION = YES;
				GCC_WARN_ABOUT_RETURN_TYPE = YES_ERROR;
				GCC_WARN_UNDECLARED_SELECTOR = YES;
				GCC_WARN_UNINITIALIZED_AUTOS = YES_AGGRESSIVE;
				GCC_WARN_UNUSED_FUNCTION = YES;
				GCC_WARN_UNUSED_VARIABLE = YES;
				IPHONEOS_DEPLOYMENT_TARGET = 9.2;
				MTL_ENABLE_DEBUG_INFO = NO;
				SDKROOT = iphoneos;
				TARGETED_DEVICE_FAMILY = "1,2";
				VALIDATE_PRODUCT = YES;
			};
			name = Release;
		};
		6C42013D1D84CB1800F42E61 /* Debug */ = {
			isa = XCBuildConfiguration;
			buildSettings = {
				ASSETCATALOG_COMPILER_APPICON_NAME = AppIcon;
				INFOPLIST_FILE = suh/Info.plist;
				LD_RUNPATH_SEARCH_PATHS = "$(inherited) @executable_path/Frameworks";
				PRODUCT_BUNDLE_IDENTIFIER = com.ddapps.suh;
				PRODUCT_NAME = "$(TARGET_NAME)";
			};
			name = Debug;
		};
		6C42013E1D84CB1800F42E61 /* Release */ = {
			isa = XCBuildConfiguration;
			buildSettings = {
				ASSETCATALOG_COMPILER_APPICON_NAME = AppIcon;
				INFOPLIST_FILE = suh/Info.plist;
				LD_RUNPATH_SEARCH_PATHS = "$(inherited) @executable_path/Frameworks";
				PRODUCT_BUNDLE_IDENTIFIER = com.ddapps.suh;
				PRODUCT_NAME = "$(TARGET_NAME)";
			};
			name = Release;
		};
/* End XCBuildConfiguration section */

/* Begin XCConfigurationList section */
		6C4201251D84CB1800F42E61 /* Build configuration list for PBXProject "suh" */ = {
			isa = XCConfigurationList;
			buildConfigurations = (
				6C42013A1D84CB1800F42E61 /* Debug */,
				6C42013B1D84CB1800F42E61 /* Release */,
			);
			defaultConfigurationIsVisible = 0;
			defaultConfigurationName = Release;
		};
		6C42013C1D84CB1800F42E61 /* Build configuration list for PBXNativeTarget "suh" */ = {
			isa = XCConfigurationList;
			buildConfigurations = (
				6C42013D1D84CB1800F42E61 /* Debug */,
				6C42013E1D84CB1800F42E61 /* Release */,
			);
			defaultConfigurationIsVisible = 0;
		};
/* End XCConfigurationList section */
	};
	rootObject = 6C4201221D84CB1800F42E61 /* Project object */;
}
